
Microsoft Visual Studio Solution File, Format Version 11.00
# Visual Studio 2010
Project("{8BC9CEB8-8B4A-11D0-8D11-00A0C91BC942}") = "Test2022", "Test2022\Test2022.vcxproj", "{43F6D1FD-2359-485D-973B-A24C1001B4F9}"
EndProject
Global
	GlobalSection(SolutionConfigurationPlatforms) = preSolution
		Debug|Win32 = Debug|Win32
		Release|Win32 = Release|Win32
	EndGlobalSection
	GlobalSection(ProjectConfigurationPlatforms) = postSolution
		{43F6D1FD-2359-485D-973B-A24C1001B4F9}.Debug|Win32.ActiveCfg = Debug|Win32
		{43F6D1FD-2359-485D-973B-A24C1001B4F9}.Debug|Win32.Build.0 = Debug|Win32
		{43F6D1FD-2359-485D-973B-A24C1001B4F9}.Release|Win32.ActiveCfg = Release|Win32
		{43F6D1FD-2359-485D-973B-A24C1001B4F9}.Release|Win32.Build.0 = Release|Win32
	EndGlobalSection
	GlobalSection(SolutionProperties) = preSolution
		HideSolutionNode = FALSE
	EndGlobalSection
EndGlobal
